// !$*UTF8*$!
{
	archiveVersion = 1;
	classes = {
	};
	objectVersion = 46;
	objects = {

/* Begin PBXBuildFile section */
		542D8B671E0710A900947017 /* SettingsViewController.swift in Sources */ = {isa = PBXBuildFile; fileRef = 542D8B661E0710A900947017 /* SettingsViewController.swift */; };
		547D23C81E06580A00F77268 /* AppDelegate.swift in Sources */ = {isa = PBXBuildFile; fileRef = 547D23C71E06580A00F77268 /* AppDelegate.swift */; };
		547D23CA1E06580A00F77268 /* ViewController.swift in Sources */ = {isa = PBXBuildFile; fileRef = 547D23C91E06580A00F77268 /* ViewController.swift */; };
		547D23CD1E06580A00F77268 /* Main.storyboard in Resources */ = {isa = PBXBuildFile; fileRef = 547D23CB1E06580A00F77268 /* Main.storyboard */; };
		547D23CF1E06580A00F77268 /* Assets.xcassets in Resources */ = {isa = PBXBuildFile; fileRef = 547D23CE1E06580A00F77268 /* Assets.xcassets */; };
		547D23D21E06580A00F77268 /* LaunchScreen.storyboard in Resources */ = {isa = PBXBuildFile; fileRef = 547D23D01E06580A00F77268 /* LaunchScreen.storyboard */; };
		547D23DD1E06580B00F77268 /* TipCalculatorTests.swift in Sources */ = {isa = PBXBuildFile; fileRef = 547D23DC1E06580B00F77268 /* TipCalculatorTests.swift */; };
		547D23E81E06580B00F77268 /* TipCalculatorUITests.swift in Sources */ = {isa = PBXBuildFile; fileRef = 547D23E71E06580B00F77268 /* TipCalculatorUITests.swift */; };
/* End PBXBuildFile section */

/* Begin PBXContainerItemProxy section */
		547D23D91E06580A00F77268 /* PBXContainerItemProxy */ = {
			isa = PBXContainerItemProxy;
			containerPortal = 547D23BC1E06580A00F77268 /* Project object */;
			proxyType = 1;
			remoteGlobalIDString = 547D23C31E06580A00F77268;
			remoteInfo = TipCalculator;
		};
		547D23E41E06580B00F77268 /* PBXContainerItemProxy */ = {
			isa = PBXContainerItemProxy;
			containerPortal = 547D23BC1E06580A00F77268 /* Project object */;
			proxyType = 1;
			remoteGlobalIDString = 547D23C31E06580A00F77268;
			remoteInfo = TipCalculator;
		};
/* End PBXContainerItemProxy section */

/* Begin PBXFileReference section */
		542D8B661E0710A900947017 /* SettingsViewController.swift */ = {isa = PBXFileReference; fileEncoding = 4; lastKnownFileType = sourcecode.swift; path = SettingsViewController.swift; sourceTree = "<group>"; };
		547D23C41E06580A00F77268 /* TipCalculator.app */ = {isa = PBXFileReference; explicitFileType = wrapper.application; includeInIndex = 0; path = TipCalculator.app; sourceTree = BUILT_PRODUCTS_DIR; };
		547D23C71E06580A00F77268 /* AppDelegate.swift */ = {isa = PBXFileReference; lastKnownFileType = sourcecode.swift; path = AppDelegate.swift; sourceTree = "<group>"; };
		547D23C91E06580A00F77268 /* ViewController.swift */ = {isa = PBXFileReference; lastKnownFileType = sourcecode.swift; path = ViewController.swift; sourceTree = "<group>"; };
		547D23CC1E06580A00F77268 /* Base */ = {isa = PBXFileReference; lastKnownFileType = file.storyboard; name = Base; path = Base.lproj/Main.storyboard; sourceTree = "<group>"; };
		547D23CE1E06580A00F77268 /* Assets.xcassets */ = {isa = PBXFileReference; lastKnownFileType = folder.assetcatalog; path = Assets.xcassets; sourceTree = "<group>"; };
		547D23D11E06580A00F77268 /* Base */ = {isa = PBXFileReference; lastKnownFileType = file.storyboard; name = Base; path = Base.lproj/LaunchScreen.storyboard; sourceTree = "<group>"; };
		547D23D31E06580A00F77268 /* Info.plist */ = {isa = PBXFileReference; lastKnownFileType = text.plist.xml; path = Info.plist; sourceTree = "<group>"; };
		547D23D81E06580A00F77268 /* TipCalculatorTests.xctest */ = {isa = PBXFileReference; explicitFileType = wrapper.cfbundle; includeInIndex = 0; path = TipCalculatorTests.xctest; sourceTree = BUILT_PRODUCTS_DIR; };
		547D23DC1E06580B00F77268 /* TipCalculatorTests.swift */ = {isa = PBXFileReference; lastKnownFileType = sourcecode.swift; path = TipCalculatorTests.swift; sourceTree = "<group>"; };
		547D23DE1E06580B00F77268 /* Info.plist */ = {isa = PBXFileReference; lastKnownFileType = text.plist.xml; path = Info.plist; sourceTree = "<group>"; };
		547D23E31E06580B00F77268 /* TipCalculatorUITests.xctest */ = {isa = PBXFileReference; explicitFileType = wrapper.cfbundle; includeInIndex = 0; path = TipCalculatorUITests.xctest; sourceTree = BUILT_PRODUCTS_DIR; };
		547D23E71E06580B00F77268 /* TipCalculatorUITests.swift */ = {isa = PBXFileReference; lastKnownFileType = sourcecode.swift; path = TipCalculatorUITests.swift; sourceTree = "<group>"; };
		547D23E91E06580B00F77268 /* Info.plist */ = {isa = PBXFileReference; lastKnownFileType = text.plist.xml; path = Info.plist; sourceTree = "<group>"; };
/* End PBXFileReference section */

/* Begin PBXFrameworksBuildPhase section */
		547D23C11E06580A00F77268 /* Frameworks */ = {
			isa = PBXFrameworksBuildPhase;
			buildActionMask = 2147483647;
			files = (
			);
			runOnlyForDeploymentPostprocessing = 0;
		};
		547D23D51E06580A00F77268 /* Frameworks */ = {
			isa = PBXFrameworksBuildPhase;
			buildActionMask = 2147483647;
			files = (
			);
			runOnlyForDeploymentPostprocessing = 0;
		};
		547D23E01E06580B00F77268 /* Frameworks */ = {
			isa = PBXFrameworksBuildPhase;
			buildActionMask = 2147483647;
			files = (
			);
			runOnlyForDeploymentPostprocessing = 0;
		};
/* End PBXFrameworksBuildPhase section */

/* Begin PBXGroup section */
		547D23BB1E06580A00F77268 = {
			isa = PBXGroup;
			children = (
				547D23C61E06580A00F77268 /* TipCalculator */,
				547D23DB1E06580B00F77268 /* TipCalculatorTests */,
				547D23E61E06580B00F77268 /* TipCalculatorUITests */,
				547D23C51E06580A00F77268 /* Products */,
			);
			sourceTree = "<group>";
		};
		547D23C51E06580A00F77268 /* Products */ = {
			isa = PBXGroup;
			children = (
				547D23C41E06580A00F77268 /* TipCalculator.app */,
				547D23D81E06580A00F77268 /* TipCalculatorTests.xctest */,
				547D23E31E06580B00F77268 /* TipCalculatorUITests.xctest */,
			);
			name = Products;
			sourceTree = "<group>";
		};
		547D23C61E06580A00F77268 /* TipCalculator */ = {
			isa = PBXGroup;
			children = (
				547D23C71E06580A00F77268 /* AppDelegate.swift */,
				547D23C91E06580A00F77268 /* ViewController.swift */,
				547D23CB1E06580A00F77268 /* Main.storyboard */,
				542D8B661E0710A900947017 /* SettingsViewController.swift */,
				547D23CE1E06580A00F77268 /* Assets.xcassets */,
				547D23D01E06580A00F77268 /* LaunchScreen.storyboard */,
				547D23D31E06580A00F77268 /* Info.plist */,
			);
			path = TipCalculator;
			sourceTree = "<group>";
		};
		547D23DB1E06580B00F77268 /* TipCalculatorTests */ = {
			isa = PBXGroup;
			children = (
				547D23DC1E06580B00F77268 /* TipCalculatorTests.swift */,
				547D23DE1E06580B00F77268 /* Info.plist */,
			);
			path = TipCalculatorTests;
			sourceTree = "<group>";
		};
		547D23E61E06580B00F77268 /* TipCalculatorUITests */ = {
			isa = PBXGroup;
			children = (
				547D23E71E06580B00F77268 /* TipCalculatorUITests.swift */,
				547D23E91E06580B00F77268 /* Info.plist */,
			);
			path = TipCalculatorUITests;
			sourceTree = "<group>";
		};
/* End PBXGroup section */

/* Begin PBXNativeTarget section */
		547D23C31E06580A00F77268 /* TipCalculator */ = {
			isa = PBXNativeTarget;
			buildConfigurationList = 547D23EC1E06580B00F77268 /* Build configuration list for PBXNativeTarget "TipCalculator" */;
			buildPhases = (
				547D23C01E06580A00F77268 /* Sources */,
				547D23C11E06580A00F77268 /* Frameworks */,
				547D23C21E06580A00F77268 /* Resources */,
			);
			buildRules = (
			);
			dependencies = (
			);
			name = TipCalculator;
			productName = TipCalculator;
			productReference = 547D23C41E06580A00F77268 /* TipCalculator.app */;
			productType = "com.apple.product-type.application";
		};
		547D23D71E06580A00F77268 /* TipCalculatorTests */ = {
			isa = PBXNativeTarget;
			buildConfigurationList = 547D23EF1E06580B00F77268 /* Build configuration list for PBXNativeTarget "TipCalculatorTests" */;
			buildPhases = (
				547D23D41E06580A00F77268 /* Sources */,
				547D23D51E06580A00F77268 /* Frameworks */,
				547D23D61E06580A00F77268 /* Resources */,
			);
			buildRules = (
			);
			dependencies = (
				547D23DA1E06580A00F77268 /* PBXTargetDependency */,
			);
			name = TipCalculatorTests;
			productName = TipCalculatorTests;
			productReference = 547D23D81E06580A00F77268 /* TipCalculatorTests.xctest */;
			productType = "com.apple.product-type.bundle.unit-test";
		};
		547D23E21E06580B00F77268 /* TipCalculatorUITests */ = {
			isa = PBXNativeTarget;
			buildConfigurationList = 547D23F21E06580B00F77268 /* Build configuration list for PBXNativeTarget "TipCalculatorUITests" */;
			buildPhases = (
				547D23DF1E06580B00F77268 /* Sources */,
				547D23E01E06580B00F77268 /* Frameworks */,
				547D23E11E06580B00F77268 /* Resources */,
			);
			buildRules = (
			);
			dependencies = (
				547D23E51E06580B00F77268 /* PBXTargetDependency */,
			);
			name = TipCalculatorUITests;
			productName = TipCalculatorUITests;
			productReference = 547D23E31E06580B00F77268 /* TipCalculatorUITests.xctest */;
			productType = "com.apple.product-type.bundle.ui-testing";
		};
/* End PBXNativeTarget section */

/* Begin PBXProject section */
		547D23BC1E06580A00F77268 /* Project object */ = {
			isa = PBXProject;
			attributes = {
				LastSwiftUpdateCheck = 0820;
				LastUpgradeCheck = 0820;
				ORGANIZATIONNAME = "Akbar Mirza";
				TargetAttributes = {
					547D23C31E06580A00F77268 = {
						CreatedOnToolsVersion = 8.2;
						DevelopmentTeam = 29HC3KS7ZA;
						ProvisioningStyle = Automatic;
					};
					547D23D71E06580A00F77268 = {
						CreatedOnToolsVersion = 8.2;
						ProvisioningStyle = Automatic;
						TestTargetID = 547D23C31E06580A00F77268;
					};
					547D23E21E06580B00F77268 = {
						CreatedOnToolsVersion = 8.2;
						ProvisioningStyle = Automatic;
						TestTargetID = 547D23C31E06580A00F77268;
					};
				};
			};
			buildConfigurationList = 547D23BF1E06580A00F77268 /* Build configuration list for PBXProject "TipCalculator" */;
			compatibilityVersion = "Xcode 3.2";
			developmentRegion = English;
			hasScannedForEncodings = 0;
			knownRegions = (
				en,
				Base,
			);
			mainGroup = 547D23BB1E06580A00F77268;
			productRefGroup = 547D23C51E06580A00F77268 /* Products */;
			projectDirPath = "";
			projectRoot = "";
			targets = (
				547D23C31E06580A00F77268 /* TipCalculator */,
				547D23D71E06580A00F77268 /* TipCalculatorTests */,
				547D23E21E06580B00F77268 /* TipCalculatorUITests */,
			);
		};
/* End PBXProject section */

/* Begin PBXResourcesBuildPhase section */
		547D23C21E06580A00F77268 /* Resources */ = {
			isa = PBXResourcesBuildPhase;
			buildActionMask = 2147483647;
			files = (
				547D23D21E06580A00F77268 /* LaunchScreen.storyboard in Resources */,
				547D23CF1E06580A00F77268 /* Assets.xcassets in Resources */,
				547D23CD1E06580A00F77268 /* Main.storyboard in Resources */,
			);
			runOnlyForDeploymentPostprocessing = 0;
		};
		547D23D61E06580A00F77268 /* Resources */ = {
			isa = PBXResourcesBuildPhase;
			buildActionMask = 2147483647;
			files = (
			);
			runOnlyForDeploymentPostprocessing = 0;
		};
		547D23E11E06580B00F77268 /* Resources */ = {
			isa = PBXResourcesBuildPhase;
			buildActionMask = 2147483647;
			files = (
			);
			runOnlyForDeploymentPostprocessing = 0;
		};
/* End PBXResourcesBuildPhase section */

/* Begin PBXSourcesBuildPhase section */
		547D23C01E06580A00F77268 /* Sources */ = {
			isa = PBXSourcesBuildPhase;
			buildActionMask = 2147483647;
			files = (
				547D23CA1E06580A00F77268 /* ViewController.swift in Sources */,
				547D23C81E06580A00F77268 /* AppDelegate.swift in Sources */,
				542D8B671E0710A900947017 /* SettingsViewController.swift in Sources */,
			);
			runOnlyForDeploymentPostprocessing = 0;
		};
		547D23D41E06580A00F77268 /* Sources */ = {
			isa = PBXSourcesBuildPhase;
			buildActionMask = 2147483647;
			files = (
				547D23DD1E06580B00F77268 /* TipCalculatorTests.swift in Sources */,
			);
			runOnlyForDeploymentPostprocessing = 0;
		};
		547D23DF1E06580B00F77268 /* Sources */ = {
			isa = PBXSourcesBuildPhase;
			buildActionMask = 2147483647;
			files = (
				547D23E81E06580B00F77268 /* TipCalculatorUITests.swift in Sources */,
			);
			runOnlyForDeploymentPostprocessing = 0;
		};
/* End PBXSourcesBuildPhase section */

/* Begin PBXTargetDependency section */
		547D23DA1E06580A00F77268 /* PBXTargetDependency */ = {
			isa = PBXTargetDependency;
			target = 547D23C31E06580A00F77268 /* TipCalculator */;
			targetProxy = 547D23D91E06580A00F77268 /* PBXContainerItemProxy */;
		};
		547D23E51E06580B00F77268 /* PBXTargetDependency */ = {
			isa = PBXTargetDependency;
			target = 547D23C31E06580A00F77268 /* TipCalculator */;
			targetProxy = 547D23E41E06580B00F77268 /* PBXContainerItemProxy */;
		};
/* End PBXTargetDependency section */

/* Begin PBXVariantGroup section */
		547D23CB1E06580A00F77268 /* Main.storyboard */ = {
			isa = PBXVariantGroup;
			children = (
				547D23CC1E06580A00F77268 /* Base */,
			);
			name = Main.storyboard;
			sourceTree = "<group>";
		};
		547D23D01E06580A00F77268 /* LaunchScreen.storyboard */ = {
			isa = PBXVariantGroup;
			children = (
				547D23D11E06580A00F77268 /* Base */,
			);
			name = LaunchScreen.storyboard;
			sourceTree = "<group>";
		};
/* End PBXVariantGroup section */

/* Begin XCBuildConfiguration section */
		547D23EA1E06580B00F77268 /* Debug */ = {
			isa = XCBuildConfiguration;
			buildSettings = {
				ALWAYS_SEARCH_USER_PATHS = NO;
				CLANG_ANALYZER_NONNULL = YES;
				CLANG_CXX_LANGUAGE_STANDARD = "gnu++0x";
				CLANG_CXX_LIBRARY = "libc++";
				CLANG_ENABLE_MODULES = YES;
				CLANG_ENABLE_OBJC_ARC = YES;
				CLANG_WARN_BOOL_CONVERSION = YES;
				CLANG_WARN_CONSTANT_CONVERSION = YES;
				CLANG_WARN_DIRECT_OBJC_ISA_USAGE = YES_ERROR;
				CLANG_WARN_DOCUMENTATION_COMMENTS = YES;
				CLANG_WARN_EMPTY_BODY = YES;
				CLANG_WARN_ENUM_CONVERSION = YES;
				CLANG_WARN_INFINITE_RECURSION = YES;
				CLANG_WARN_INT_CONVERSION = YES;
				CLANG_WARN_OBJC_ROOT_CLASS = YES_ERROR;
				CLANG_WARN_SUSPICIOUS_MOVE = YES;
				CLANG_WARN_UNREACHABLE_CODE = YES;
				CLANG_WARN__DUPLICATE_METHOD_MATCH = YES;
				"CODE_SIGN_IDENTITY[sdk=iphoneos*]" = "iPhone Developer";
				COPY_PHASE_STRIP = NO;
				DEBUG_INFORMATION_FORMAT = dwarf;
				ENABLE_STRICT_OBJC_MSGSEND = YES;
				ENABLE_TESTABILITY = YES;
				GCC_C_LANGUAGE_STANDARD = gnu99;
				GCC_DYNAMIC_NO_PIC = NO;
				GCC_NO_COMMON_BLOCKS = YES;
				GCC_OPTIMIZATION_LEVEL = 0;
				GCC_PREPROCESSOR_DEFINITIONS = (
					"DEBUG=1",
					"$(inherited)",
				);
				GCC_WARN_64_TO_32_BIT_CONVERSION = YES;
				GCC_WARN_ABOUT_RETURN_TYPE = YES_ERROR;
				GCC_WARN_UNDECLARED_SELECTOR = YES;
				GCC_WARN_UNINITIALIZED_AUTOS = YES_AGGRESSIVE;
				GCC_WARN_UNUSED_FUNCTION = YES;
				GCC_WARN_UNUSED_VARIABLE = YES;
				IPHONEOS_DEPLOYMENT_TARGET = 10.2;
				MTL_ENABLE_DEBUG_INFO = YES;
				ONLY_ACTIVE_ARCH = YES;
				SDKROOT = iphoneos;
				SWIFT_ACTIVE_COMPILATION_CONDITIONS = DEBUG;
				SWIFT_OPTIMIZATION_LEVEL = "-Onone";
			};
			name = Debug;
		};
		547D23EB1E06580B00F77268 /* Release */ = {
			isa = XCBuildConfiguration;
			buildSettings = {
				ALWAYS_SEARCH_USER_PATHS = NO;
				CLANG_ANALYZER_NONNULL = YES;
				CLANG_CXX_LANGUAGE_STANDARD = "gnu++0x";
				CLANG_CXX_LIBRARY = "libc++";
				CLANG_ENABLE_MODULES = YES;
				CLANG_ENABLE_OBJC_ARC = YES;
				CLANG_WARN_BOOL_CONVERSION = YES;
				CLANG_WARN_CONSTANT_CONVERSION = YES;
				CLANG_WARN_DIRECT_OBJC_ISA_USAGE = YES_ERROR;
				CLANG_WARN_DOCUMENTATION_COMMENTS = YES;
				CLANG_WARN_EMPTY_BODY = YES;
				CLANG_WARN_ENUM_CONVERSION = YES;
				CLANG_WARN_INFINITE_RECURSION = YES;
				CLANG_WARN_INT_CONVERSION = YES;
				CLANG_WARN_OBJC_ROOT_CLASS = YES_ERROR;
				CLANG_WARN_SUSPICIOUS_MOVE = YES;
				CLANG_WARN_UNREACHABLE_CODE = YES;
				CLANG_WARN__DUPLICATE_METHOD_MATCH = YES;
				"CODE_SIGN_IDENTITY[sdk=iphoneos*]" = "iPhone Developer";
				COPY_PHASE_STRIP = NO;
				DEBUG_INFORMATION_FORMAT = "dwarf-with-dsym";
				ENABLE_NS_ASSERTIONS = NO;
				ENABLE_STRICT_OBJC_MSGSEND = YES;
				GCC_C_LANGUAGE_STANDARD = gnu99;
				GCC_NO_COMMON_BLOCKS = YES;
				GCC_WARN_64_TO_32_BIT_CONVERSION = YES;
				GCC_WARN_ABOUT_RETURN_TYPE = YES_ERROR;
				GCC_WARN_UNDECLARED_SELECTOR = YES;
				GCC_WARN_UNINITIALIZED_AUTOS = YES_AGGRESSIVE;
				GCC_WARN_UNUSED_FUNCTION = YES;
				GCC_WARN_UNUSED_VARIABLE = YES;
				IPHONEOS_DEPLOYMENT_TARGET = 10.2;
				MTL_ENABLE_DEBUG_INFO = NO;
				SDKROOT = iphoneos;
				SWIFT_OPTIMIZATION_LEVEL = "-Owholemodule";
				VALIDATE_PRODUCT = YES;
			};
			name = Release;
		};
		547D23ED1E06580B00F77268 /* Debug */ = {
			isa = XCBuildConfiguration;
			buildSettings = {
				ASSETCATALOG_COMPILER_APPICON_NAME = AppIcon;
				DEVELOPMENT_TEAM = 29HC3KS7ZA;
				INFOPLIST_FILE = TipCalculator/Info.plist;
				LD_RUNPATH_SEARCH_PATHS = "$(inherited) @executable_path/Frameworks";
				PRODUCT_BUNDLE_IDENTIFIER = com.akbar.TipCalculator;
				PRODUCT_NAME = "$(TARGET_NAME)";
				SWIFT_VERSION = 3.0;
			};
			name = Debug;
		};
		547D23EE1E06580B00F77268 /* Release */ = {
			isa = XCBuildConfiguration;
			buildSettings = {
				ASSETCATALOG_COMPILER_APPICON_NAME = AppIcon;
				DEVELOPMENT_TEAM = 29HC3KS7ZA;
				INFOPLIST_FILE = TipCalculator/Info.plist;
				LD_RUNPATH_SEARCH_PATHS = "$(inherited) @executable_path/Frameworks";
				PRODUCT_BUNDLE_IDENTIFIER = com.akbar.TipCalculator;
				PRODUCT_NAME = "$(TARGET_NAME)";
				SWIFT_VERSION = 3.0;
			};
			name = Release;
		};
		547D23F01E06580B00F77268 /* Debug */ = {
			isa = XCBuildConfiguration;
			buildSettings = {
				ALWAYS_EMBED_SWIFT_STANDARD_LIBRARIES = YES;
				BUNDLE_LOADER = "$(TEST_HOST)";
				INFOPLIST_FILE = TipCalculatorTests/Info.plist;
				LD_RUNPATH_SEARCH_PATHS = "$(inherited) @executable_path/Frameworks @loader_path/Frameworks";
				PRODUCT_BUNDLE_IDENTIFIER = com.akbar.TipCalculatorTests;
				PRODUCT_NAME = "$(TARGET_NAME)";
				SWIFT_VERSION = 3.0;
				TEST_HOST = "$(BUILT_PRODUCTS_DIR)/TipCalculator.app/TipCalculator";
			};
			name = Debug;
		};
		547D23F11E06580B00F77268 /* Release */ = {
			isa = XCBuildConfiguration;
			buildSettings = {
				ALWAYS_EMBED_SWIFT_STANDARD_LIBRARIES = YES;
				BUNDLE_LOADER = "$(TEST_HOST)";
				INFOPLIST_FILE = TipCalculatorTests/Info.plist;
				LD_RUNPATH_SEARCH_PATHS = "$(inherited) @executable_path/Frameworks @loader_path/Frameworks";
				PRODUCT_BUNDLE_IDENTIFIER = com.akbar.TipCalculatorTests;
				PRODUCT_NAME = "$(TARGET_NAME)";
				SWIFT_VERSION = 3.0;
				TEST_HOST = "$(BUILT_PRODUCTS_DIR)/TipCalculator.app/TipCalculator";
			};
			name = Release;
		};
		547D23F31E06580B00F77268 /* Debug */ = {
			isa = XCBuildConfiguration;
			buildSettings = {
				ALWAYS_EMBED_SWIFT_STANDARD_LIBRARIES = YES;
				INFOPLIST_FILE = TipCalculatorUITests/Info.plist;
				LD_RUNPATH_SEARCH_PATHS = "$(inherited) @executable_path/Frameworks @loader_path/Frameworks";
				PRODUCT_BUNDLE_IDENTIFIER = com.akbar.TipCalculatorUITests;
				PRODUCT_NAME = "$(TARGET_NAME)";
				SWIFT_VERSION = 3.0;
				TEST_TARGET_NAME = TipCalculator;
			};
			name = Debug;
		};
		547D23F41E06580B00F77268 /* Release */ = {
			isa = XCBuildConfiguration;
			buildSettings = {
				ALWAYS_EMBED_SWIFT_STANDARD_LIBRARIES = YES;
				INFOPLIST_FILE = TipCalculatorUITests/Info.plist;
				LD_RUNPATH_SEARCH_PATHS = "$(inherited) @executable_path/Frameworks @loader_path/Frameworks";
				PRODUCT_BUNDLE_IDENTIFIER = com.akbar.TipCalculatorUITests;
				PRODUCT_NAME = "$(TARGET_NAME)";
				SWIFT_VERSION = 3.0;
				TEST_TARGET_NAME = TipCalculator;
			};
			name = Release;
		};
/* End XCBuildConfiguration section */

/* Begin XCConfigurationList section */
		547D23BF1E06580A00F77268 /* Build configuration list for PBXProject "TipCalculator" */ = {
			isa = XCConfigurationList;
			buildConfigurations = (
				547D23EA1E06580B00F77268 /* Debug */,
				547D23EB1E06580B00F77268 /* Release */,
			);
			defaultConfigurationIsVisible = 0;
			defaultConfigurationName = Release;
		};
		547D23EC1E06580B00F77268 /* Build configuration list for PBXNativeTarget "TipCalculator" */ = {
			isa = XCConfigurationList;
			buildConfigurations = (
				547D23ED1E06580B00F77268 /* Debug */,
				547D23EE1E06580B00F77268 /* Release */,
			);
			defaultConfigurationIsVisible = 0;
			defaultConfigurationName = Release;
		};
		547D23EF1E06580B00F77268 /* Build configuration list for PBXNativeTarget "TipCalculatorTests" */ = {
			isa = XCConfigurationList;
			buildConfigurations = (
				547D23F01E06580B00F77268 /* Debug */,
				547D23F11E06580B00F77268 /* Release */,
			);
			defaultConfigurationIsVisible = 0;
			defaultConfigurationName = Release;
		};
		547D23F21E06580B00F77268 /* Build configuration list for PBXNativeTarget "TipCalculatorUITests" */ = {
			isa = XCConfigurationList;
			buildConfigurations = (
				547D23F31E06580B00F77268 /* Debug */,
				547D23F41E06580B00F77268 /* Release */,
			);
			defaultConfigurationIsVisible = 0;
			defaultConfigurationName = Release;
		};
/* End XCConfigurationList section */
	};
	rootObject = 547D23BC1E06580A00F77268 /* Project object */;
}
